PODS:
  - Capacitor (6.2.1):
    - CapacitorCordova
  - CapacitorCamera (7.0.1):
    - Capacitor
  - CapacitorCordova (6.2.1)
  - CapacitorFilesystem (7.0.1):
    - Capacitor
  - CordovaPlugins (7.2.0):
    - CapacitorCordova

DEPENDENCIES:
  - "Capacitor (from `../../node_modules/@capacitor/ios`)"
  - "CapacitorCamera (from `../../node_modules/@capacitor/camera`)"
  - "CapacitorCordova (from `../../node_modules/@capacitor/ios`)"
  - "CapacitorFilesystem (from `../../node_modules/@capacitor/filesystem`)"
  - CordovaPlugins (from `../capacitor-cordova-ios-plugins`)

EXTERNAL SOURCES:
  Capacitor:
    :path: "../../node_modules/@capacitor/ios"
  CapacitorCamera:
    :path: "../../node_modules/@capacitor/camera"
  CapacitorCordova:
    :path: "../../node_modules/@capacitor/ios"
  CapacitorFilesystem:
    :path: "../../node_modules/@capacitor/filesystem"
  CordovaPlugins:
    :path: "../capacitor-cordova-ios-plugins"

SPEC CHECKSUMS:
  Capacitor: c95400d761e376be9da6be5a05f226c0e865cebf
  CapacitorCamera: 6e73f1fc6c629a672658705a02409b60854bc0f1
  CapacitorCordova: 8d93e14982f440181be7304aa9559ca631d77fff
  CapacitorFilesystem: e6261c410436f54908c11f94336c5b58286b1db0
  CordovaPlugins: 1ca8577fbd90aa21fc0a1a4428d24e3aedc3499a

PODFILE CHECKSUM: 4ec277df72aa3133accf7cb73a76134ced0aac3e

COCOAPODS: 1.16.2
